
Microsoft Visual Studio Solution File, Format Version 12.00
# Visual Studio Version 17
VisualStudioVersion = 17.9.34607.119
MinimumVisualStudioVersion = 10.0.40219.1
Project("{FAE04EC0-301F-11D3-BF4B-00C04F79EFBC}") = "Platform.IceTasks", "Platform.IceTasks\Platform.IceTasks.csproj", "{6985B9AE-3A23-44DA-8F63-0313D56680CD}"
EndProject
Global
	GlobalSection(SolutionConfigurationPlatforms) = preSolution
		Debug|Any CPU = Debug|Any CPU
		Release|Any CPU = Release|Any CPU
	EndGlobalSection
	GlobalSection(ProjectConfigurationPlatforms) = postSolution
		{6985B9AE-3A23-44DA-8F63-0313D56680CD}.Debug|Any CPU.ActiveCfg = Debug|Any CPU
		{6985B9AE-3A23-44DA-8F63-0313D56680CD}.Debug|Any CPU.Build.0 = Debug|Any CPU
		{6985B9AE-3A23-44DA-8F63-0313D56680CD}.Release|Any CPU.ActiveCfg = Release|Any CPU
		{6985B9AE-3A23-44DA-8F63-0313D56680CD}.Release|Any CPU.Build.0 = Release|Any CPU
	EndGlobalSection
	GlobalSection(SolutionProperties) = preSolution
		HideSolutionNode = FALSE
	EndGlobalSection
	GlobalSection(ExtensibilityGlobals) = postSolution
		SolutionGuid = {8B57F3D2-D861-44FF-BBA0-DAC249E3468A}
	EndGlobalSection
EndGlobal
